{
  "name": "js",
  "version": "1.0.0",
  "lockfileVersion": 1,
  "requires": true,
  "dependencies": {
    "jquery-xml2json": {
      "version": "0.0.8",
      "resolved": "https://registry.npmjs.org/jquery-xml2json/-/jquery-xml2json-0.0.8.tgz",
      "integrity": "sha1-ccZOwFJwt7ilX6QFF2zaDd7b8h0="
    }
  }
}
